{
  "name": "academia-site-by-jailson",
  "lockfileVersion": 3,
  "requires": true,
  "packages": {
    "": {
      "dependencies": {
        "react-auto-context": "^0.0.9"
      }
    },
    "node_modules/react-auto-context": {
      "version": "0.0.9",
      "resolved": "https://registry.npmjs.org/react-auto-context/-/react-auto-context-0.0.9.tgz",
      "integrity": "sha512-xvhcaSDQkX92s+q0WUKL/w0I7NnWEj/rgp/XXDwhZmnnshU/EXteHY2sUAdkvsd3z5QbN9LiG8KvrsIWJw09sg=="
    }
  }
}
